
Microsoft Visual Studio Solution File, Format Version 12.00
# Visual Studio Version 16
VisualStudioVersion = 16.0.29009.5
MinimumVisualStudioVersion = 10.0.40219.1
Project("{FAE04EC0-301F-11D3-BF4B-00C04F79EFBC}") = "AppSANA", "AppSANA.csproj", "{2510757C-F24C-4C04-B34D-F5F1DD588AF2}"
EndProject
Global
	GlobalSection(SolutionConfigurationPlatforms) = preSolution
		Debug|Any CPU = Debug|Any CPU
		Release|Any CPU = Release|Any CPU
	EndGlobalSection
	GlobalSection(ProjectConfigurationPlatforms) = postSolution
		{2510757C-F24C-4C04-B34D-F5F1DD588AF2}.Debug|Any CPU.ActiveCfg = Debug|Any CPU
		{2510757C-F24C-4C04-B34D-F5F1DD588AF2}.Debug|Any CPU.Build.0 = Debug|Any CPU
		{2510757C-F24C-4C04-B34D-F5F1DD588AF2}.Release|Any CPU.ActiveCfg = Release|Any CPU
		{2510757C-F24C-4C04-B34D-F5F1DD588AF2}.Release|Any CPU.Build.0 = Release|Any CPU
	EndGlobalSection
	GlobalSection(SolutionProperties) = preSolution
		HideSolutionNode = FALSE
	EndGlobalSection
	GlobalSection(ExtensibilityGlobals) = postSolution
		SolutionGuid = {532B5933-07FA-41AA-A6D3-C8D0B06715C7}
	EndGlobalSection
EndGlobal
